// !$*UTF8*$!
{
	archiveVersion = 1;
	classes = {
	};
	objectVersion = 46;
	objects = {

/* Begin PBXBuildFile section */
		0D7FD5E5604A6C8451C1D2F1 /* Accelerate.framework */ = {isa = PBXBuildFile; fileRef = 721FEB9DDA15040A064C8BD7; };
		103B4B9E628FDE129A0450FC /* Main.cpp */ = {isa = PBXBuildFile; fileRef = 1F8AAD19AE322B279DB38C1D; };
		128D871C23023DD947E98B85 /* fluid_conv.c */ = {isa = PBXBuildFile; fileRef = 8D8FCDD8887D291639F874E4; };
		173D5D22C6782A61C4A92F41 /* fluid_synth.c */ = {isa = PBXBuildFile; fileRef = 252FE6BC48E605E6C25E69CF; };
		1B3353E0864CACC902D9735E /* include_juce_opengl.mm */ = {isa = PBXBuildFile; fileRef = 4546F826A55F073875AE22A1; };
		1E6E9F96CB33AA4E2402C73E /* include_juce_audio_processors_lv2_libs.cpp */ = {isa = PBXBuildFile; fileRef = 57FB04D0F21AF251A3CAAD46; };
		200191419B68988C76444C4A /* fluidsynth.c */ = {isa = PBXBuildFile; fileRef = A960B85170CD4CD00947A0BD; };
		20212E213082A3A98B374F90 /* include_juce_cryptography.mm */ = {isa = PBXBuildFile; fileRef = 365ECEEBBFD0BA1E853EEF3E; };
		21DB66EAC80872175AB55701 /* include_juce_audio_basics.mm */ = {isa = PBXBuildFile; fileRef = F865418376BAD89B5BED74E2; };
		2323A6A8AF50D83027DDB725 /* fluid_dsp_float.c */ = {isa = PBXBuildFile; fileRef = 439038DF45F00056980B21B0; };
		291167087E4C66DDC171A072 /* include_juce_video.mm */ = {isa = PBXBuildFile; fileRef = 5D137B72E7CBF2231280750B; };
		29B0D01D9FB74639286CD28E /* Security.framework */ = {isa = PBXBuildFile; fileRef = 94910A582FCA6C53190E4362; };
		2BADE02C5A4CB84EA31123F2 /* CoreMIDI.framework */ = {isa = PBXBuildFile; fileRef = D80731AE91AE2320A0103FFC; };
		2EA0071334D3484817B9BFB4 /* Metal.framework */ = {isa = PBXBuildFile; fileRef = FB7994E6382463BA04C3D43D; settings = { ATTRIBUTES = (Weak, ); }; };
		37D1EB5D657147A3AA9D72A3 /* include_juce_audio_devices.mm */ = {isa = PBXBuildFile; fileRef = 7AD161EA036311E18504EE3F; };
		3B8B05DC21A8B5683F10BEBE /* WebKit.framework */ = {isa = PBXBuildFile; fileRef = 5BB49EB1ED96CCFD3B40533B; };
		3CB0B746CB75E8BDFDA80BC1 /* fluid_rev.c */ = {isa = PBXBuildFile; fileRef = F7C777148A148A008103A298; };
		3CC0CDBBD2792823282DF565 /* MetalKit.framework */ = {isa = PBXBuildFile; fileRef = 7450A76A26DA4CC54557F3F9; settings = { ATTRIBUTES = (Weak, ); }; };
		4111CB7A9593BDC08755B626 /* include_juce_data_structures.mm */ = {isa = PBXBuildFile; fileRef = 5C4B761B2610F81F4EEC69F9; };
		45ED06F52A3316DD8C1ECDF9 /* QuartzCore.framework */ = {isa = PBXBuildFile; fileRef = 9E4048A6F82674848E611643; };
		492645C6B25537730EA4CD06 /* include_juce_graphics.mm */ = {isa = PBXBuildFile; fileRef = 3A8AF5AE5F36A9FF3DC8D583; };
		49376BF898B0AFE70D4FF4E7 /* fluid_dsp_simple.c */ = {isa = PBXBuildFile; fileRef = 061428B6A303FB4D774C7577; };
		4AAF8861657CB27E7C5366C3 /* fluid_mod.c */ = {isa = PBXBuildFile; fileRef = 3F515B2680E7D209B7835F38; };
		507A496089A2C35D9181BA93 /* fluid_sys.c */ = {isa = PBXBuildFile; fileRef = 59581A0AAE1ED8B0D1C25678; };
		512B707E057CE016E2390120 /* CoreMedia.framework */ = {isa = PBXBuildFile; fileRef = 1E997EA60FD602AD2E7C2B4F; };
		53A05CCA5E25DDF356CAC1F2 /* fluid_list.c */ = {isa = PBXBuildFile; fileRef = CA28209C4A5E790C00BAAC10; };
		54931C818C1F240E16A7EC07 /* include_juce_gui_extra.mm */ = {isa = PBXBuildFile; fileRef = 64E8C82D49FC639D66D7E8E4; };
		56BA06B1C86F6BFA740FDD55 /* fluid_voice.c */ = {isa = PBXBuildFile; fileRef = 3AD10A3E0F5BB1E98E6B6407; };
		5869ABFE55B6B939E443BF7B /* SoundfontAudioSource.cpp */ = {isa = PBXBuildFile; fileRef = D55925ACDC5BD1731AB76876; };
		67A586D3E3EE349A6525497E /* CoreAudioKit.framework */ = {isa = PBXBuildFile; fileRef = 54CA5A756AC7CBED5E47752C; };
		688F861D4E89E0DC584D963E /* App */ = {isa = PBXBuildFile; fileRef = 3C5A99CD86C3D580602B3CC9; };
		73581C9AC890D39124BEF308 /* include_juce_gui_basics.mm */ = {isa = PBXBuildFile; fileRef = 7A347802903663524CB421FE; };
		7D3D2F3005AAF4E4DA9C821B /* IOKit.framework */ = {isa = PBXBuildFile; fileRef = 5228CA5136407D3E1D3C9AD8; };
		7F958C8E3CDC0E193BABBC35 /* AudioToolbox.framework */ = {isa = PBXBuildFile; fileRef = E266461E9C99501C407BB904; };
		82D8D6DABF8CB055A699E8C2 /* DiscRecording.framework */ = {isa = PBXBuildFile; fileRef = D634ACF63D999E0E0F9414A3; };
		871F36281497FB0958123C02 /* include_juce_core.mm */ = {isa = PBXBuildFile; fileRef = 59F54F41DD875114834F4315; };
		87456BD1A613AA12F46C01B6 /* MainComponent.cpp */ = {isa = PBXBuildFile; fileRef = 54A95DD017AC88F8EFD90606; };
		8D413B830830678D7FDB5509 /* fluid_chorus.c */ = {isa = PBXBuildFile; fileRef = 6A32FAC3338E1CCFF30F6C0F; };
		8EAD64A430AD807211EF2931 /* fluid_gen.c */ = {isa = PBXBuildFile; fileRef = D36E82362DCE28926D6395A8; };
		9F8B5478F7E447C7036DC26D /* OpenGL.framework */ = {isa = PBXBuildFile; fileRef = 1CC0C477195640E07E961E96; };
		AB79E1BBD16F55CE4651BCF6 /* AVKit.framework */ = {isa = PBXBuildFile; fileRef = CF9933B807280FBB77E7F442; };
		AD21C3D6E94328A1C57FC414 /* include_juce_audio_formats.mm */ = {isa = PBXBuildFile; fileRef = 9476597B8AE987134C9E50A7; };
		ADCA47F675E93A874F467AFA /* fluid_hash.c */ = {isa = PBXBuildFile; fileRef = 3E6FEF04EB2828F3759D6340; };
		B2D877299E80CFFCA63C41AF /* include_juce_audio_processors.mm */ = {isa = PBXBuildFile; fileRef = 9FF5670797BB88D9A55D2732; };
		BDE5A6CD9350CF62F5F3FE80 /* Cocoa.framework */ = {isa = PBXBuildFile; fileRef = A410AC4C512667DDB54B4B29; };
		BEB0995E8E7EDF70A8E189F6 /* include_juce_audio_utils.mm */ = {isa = PBXBuildFile; fileRef = DF4F9B3FB465A808E86DB1B7; };
		C01500C43696A100E95483F8 /* include_juce_audio_processors_ara.cpp */ = {isa = PBXBuildFile; fileRef = BC3F2581DB35FCA641B6F23D; };
		C6DD8B08039495726BDF1583 /* CoreAudio.framework */ = {isa = PBXBuildFile; fileRef = DF6D5D2F36BEC274780D0AEE; };
		CD5277F5B21D84FDB4724E3D /* include_juce_events.mm */ = {isa = PBXBuildFile; fileRef = 4AC37E5AC358AC2F134FD78D; };
		DF5A813A1632BA08B52887E6 /* fluid_settings.c */ = {isa = PBXBuildFile; fileRef = 11FBF0FC13DE661F6DD5715A; };
		E54B50436CE20D7D417D0CB3 /* fluid_defsfont.c */ = {isa = PBXBuildFile; fileRef = 122D150F33AA61A114666CE8; };
		E6C65A8D2A592AB52163C24C /* fluid_tuning.c */ = {isa = PBXBuildFile; fileRef = 1EED3A48FD1C7FFDCCCEA078; };
		E8FD3F1043B5ED958E9D8CAB /* MidiFilePlayer.cpp */ = {isa = PBXBuildFile; fileRef = DBD916D6C53CD76C1ED2E7BD; };
		E9859CF015392611509FBD75 /* AVFoundation.framework */ = {isa = PBXBuildFile; fileRef = 87F737814B5C8C5DDBB45902; };
		EA08096C31A62543551F7FC7 /* fluid_chan.c */ = {isa = PBXBuildFile; fileRef = DFED98F5626EC9C399AFBBD4; };
		F2E4B93803923D7D64D2A553 /* Foundation.framework */ = {isa = PBXBuildFile; fileRef = 64165D45A86A6CC77B7129AD; };
		F75B7E95D0EF60F6460A310D /* fluid_ramsfont.c */ = {isa = PBXBuildFile; fileRef = 21842D306BD9640220AFF932; };
		FEA1C57EAD7D4F65FC9BCF22 /* RecentFilesMenuTemplate.nib */ = {isa = PBXBuildFile; fileRef = FFBA0E8B7E9F973BAA27DDA1; };
/* End PBXBuildFile section */

/* Begin PBXFileReference section */
		0099E669636C214463A1D1D6 /* fluid_phase.h */ /* fluid_phase.h */ = {isa = PBXFileReference; lastKnownFileType = sourcecode.c.h; name = fluid_phase.h; path = ../../Source/Fluidlite/src/fluid_phase.h; sourceTree = SOURCE_ROOT; };
		0183D5DA54667EC1227FBB09 /* fluid_tuning.h */ /* fluid_tuning.h */ = {isa = PBXFileReference; lastKnownFileType = sourcecode.c.h; name = fluid_tuning.h; path = ../../Source/Fluidlite/src/fluid_tuning.h; sourceTree = SOURCE_ROOT; };
		061428B6A303FB4D774C7577 /* fluid_dsp_simple.c */ /* fluid_dsp_simple.c */ = {isa = PBXFileReference; lastKnownFileType = sourcecode.c.c; name = fluid_dsp_simple.c; path = ../../Source/Fluidlite/src/fluid_dsp_simple.c; sourceTree = SOURCE_ROOT; };
		11FBF0FC13DE661F6DD5715A /* fluid_settings.c */ /* fluid_settings.c */ = {isa = PBXFileReference; lastKnownFileType = sourcecode.c.c; name = fluid_settings.c; path = ../../Source/Fluidlite/src/fluid_settings.c; sourceTree = SOURCE_ROOT; };
		122D150F33AA61A114666CE8 /* fluid_defsfont.c */ /* fluid_defsfont.c */ = {isa = PBXFileReference; lastKnownFileType = sourcecode.c.c; name = fluid_defsfont.c; path = ../../Source/Fluidlite/src/fluid_defsfont.c; sourceTree = SOURCE_ROOT; };
		178D246285F317238B40D0E5 /* MainComponent.h */ /* MainComponent.h */ = {isa = PBXFileReference; lastKnownFileType = sourcecode.c.h; name = MainComponent.h; path = ../../Source/MainComponent.h; sourceTree = SOURCE_ROOT; };
		1A5CA7E044891B54D5EBDCE9 /* version.h */ /* version.h */ = {isa = PBXFileReference; lastKnownFileType = sourcecode.c.h; name = version.h; path = ../../Source/Fluidlite/include/fluidsynth/version.h; sourceTree = SOURCE_ROOT; };
		1CA8F3A4C14341A41E45FF31 /* juce_graphics */ /* juce_graphics */ = {isa = PBXFileReference; lastKnownFileType = folder; name = juce_graphics; path = "~/JUCE/modules/juce_graphics"; sourceTree = "<absolute>"; };
		1CC0C477195640E07E961E96 /* OpenGL.framework */ /* OpenGL.framework */ = {isa = PBXFileReference; lastKnownFileType = wrapper.framework; name = OpenGL.framework; path = System/Library/Frameworks/OpenGL.framework; sourceTree = SDKROOT; };
		1E997EA60FD602AD2E7C2B4F /* CoreMedia.framework */ /* CoreMedia.framework */ = {isa = PBXFileReference; lastKnownFileType = wrapper.framework; name = CoreMedia.framework; path = System/Library/Frameworks/CoreMedia.framework; sourceTree = SDKROOT; };
		1EED3A48FD1C7FFDCCCEA078 /* fluid_tuning.c */ /* fluid_tuning.c */ = {isa = PBXFileReference; lastKnownFileType = sourcecode.c.c; name = fluid_tuning.c; path = ../../Source/Fluidlite/src/fluid_tuning.c; sourceTree = SOURCE_ROOT; };
		1F4AC86182F6C15961E167FA /* juce_audio_formats */ /* juce_audio_formats */ = {isa = PBXFileReference; lastKnownFileType = folder; name = juce_audio_formats; path = "~/JUCE/modules/juce_audio_formats"; sourceTree = "<absolute>"; };
		1F8AAD19AE322B279DB38C1D /* Main.cpp */ /* Main.cpp */ = {isa = PBXFileReference; lastKnownFileType = sourcecode.cpp.cpp; name = Main.cpp; path = ../../Source/Main.cpp; sourceTree = SOURCE_ROOT; };
		21842D306BD9640220AFF932 /* fluid_ramsfont.c */ /* fluid_ramsfont.c */ = {isa = PBXFileReference; lastKnownFileType = sourcecode.c.c; name = fluid_ramsfont.c; path = ../../Source/Fluidlite/src/fluid_ramsfont.c; sourceTree = SOURCE_ROOT; };
		23AD16F79BC3A670E86BA6EC /* juce_opengl */ /* juce_opengl */ = {isa = PBXFileReference; lastKnownFileType = folder; name = juce_opengl; path = "~/JUCE/modules/juce_opengl"; sourceTree = "<absolute>"; };
		252FE6BC48E605E6C25E69CF /* fluid_synth.c */ /* fluid_synth.c */ = {isa = PBXFileReference; lastKnownFileType = sourcecode.c.c; name = fluid_synth.c; path = ../../Source/Fluidlite/src/fluid_synth.c; sourceTree = SOURCE_ROOT; };
		2BBA9B5D311544A8569F0B6A /* ramsfont.h */ /* ramsfont.h */ = {isa = PBXFileReference; lastKnownFileType = sourcecode.c.h; name = ramsfont.h; path = ../../Source/Fluidlite/include/fluidsynth/ramsfont.h; sourceTree = SOURCE_ROOT; };
		2BE7840CD0B064864C77F23D /* sfont.h */ /* sfont.h */ = {isa = PBXFileReference; lastKnownFileType = sourcecode.c.h; name = sfont.h; path = ../../Source/Fluidlite/include/fluidsynth/sfont.h; sourceTree = SOURCE_ROOT; };
		34C84ECD2979B4C4D232CCE9 /* fluid_chan.h */ /* fluid_chan.h */ = {isa = PBXFileReference; lastKnownFileType = sourcecode.c.h; name = fluid_chan.h; path = ../../Source/Fluidlite/src/fluid_chan.h; sourceTree = SOURCE_ROOT; };
		34D545216AD7739D7B81FE87 /* fluid_config.h */ /* fluid_config.h */ = {isa = PBXFileReference; lastKnownFileType = sourcecode.c.h; name = fluid_config.h; path = ../../Source/Fluidlite/src/fluid_config.h; sourceTree = SOURCE_ROOT; };
		365ECEEBBFD0BA1E853EEF3E /* include_juce_cryptography.mm */ /* include_juce_cryptography.mm */ = {isa = PBXFileReference; lastKnownFileType = sourcecode.cpp.objcpp; name = include_juce_cryptography.mm; path = ../../JuceLibraryCode/include_juce_cryptography.mm; sourceTree = SOURCE_ROOT; };
		37FD392E7165A14924C0B2D7 /* juce_events */ /* juce_events */ = {isa = PBXFileReference; lastKnownFileType = folder; name = juce_events; path = "~/JUCE/modules/juce_events"; sourceTree = "<absolute>"; };
		3A8AF5AE5F36A9FF3DC8D583 /* include_juce_graphics.mm */ /* include_juce_graphics.mm */ = {isa = PBXFileReference; lastKnownFileType = sourcecode.cpp.objcpp; name = include_juce_graphics.mm; path = ../../JuceLibraryCode/include_juce_graphics.mm; sourceTree = SOURCE_ROOT; };
		3AA76E0DF709112AFAE6E375 /* fluid_midi.h */ /* fluid_midi.h */ = {isa = PBXFileReference; lastKnownFileType = sourcecode.c.h; name = fluid_midi.h; path = ../../Source/Fluidlite/src/fluid_midi.h; sourceTree = SOURCE_ROOT; };
		3AD10A3E0F5BB1E98E6B6407 /* fluid_voice.c */ /* fluid_voice.c */ = {isa = PBXFileReference; lastKnownFileType = sourcecode.c.c; name = fluid_voice.c; path = ../../Source/Fluidlite/src/fluid_voice.c; sourceTree = SOURCE_ROOT; };
		3C00025969B568DADD3C0B6D /* MidiFilePlayer.h */ /* MidiFilePlayer.h */ = {isa = PBXFileReference; lastKnownFileType = sourcecode.c.h; name = MidiFilePlayer.h; path = ../../Source/MidiFilePlayer.h; sourceTree = SOURCE_ROOT; };
		3C5A99CD86C3D580602B3CC9 /* App */ = {isa = PBXFileReference; explicitFileType = wrapper.application; includeInIndex = 0; path = "JUCE-Soundfonts.app"; sourceTree = BUILT_PRODUCTS_DIR; };
		3E6FEF04EB2828F3759D6340 /* fluid_hash.c */ /* fluid_hash.c */ = {isa = PBXFileReference; lastKnownFileType = sourcecode.c.c; name = fluid_hash.c; path = ../../Source/Fluidlite/src/fluid_hash.c; sourceTree = SOURCE_ROOT; };
		3F515B2680E7D209B7835F38 /* fluid_mod.c */ /* fluid_mod.c */ = {isa = PBXFileReference; lastKnownFileType = sourcecode.c.c; name = fluid_mod.c; path = ../../Source/Fluidlite/src/fluid_mod.c; sourceTree = SOURCE_ROOT; };
		411D7D6DDCB2C8B34C7EB8B0 /* juce_audio_basics */ /* juce_audio_basics */ = {isa = PBXFileReference; lastKnownFileType = folder; name = juce_audio_basics; path = "~/JUCE/modules/juce_audio_basics"; sourceTree = "<absolute>"; };
		4389F0D9B7631985336269E5 /* settings.h */ /* settings.h */ = {isa = PBXFileReference; lastKnownFileType = sourcecode.c.h; name = settings.h; path = ../../Source/Fluidlite/include/fluidsynth/settings.h; sourceTree = SOURCE_ROOT; };
		439038DF45F00056980B21B0 /* fluid_dsp_float.c */ /* fluid_dsp_float.c */ = {isa = PBXFileReference; lastKnownFileType = sourcecode.c.c; name = fluid_dsp_float.c; path = ../../Source/Fluidlite/src/fluid_dsp_float.c; sourceTree = SOURCE_ROOT; };
		4546F826A55F073875AE22A1 /* include_juce_opengl.mm */ /* include_juce_opengl.mm */ = {isa = PBXFileReference; lastKnownFileType = sourcecode.cpp.objcpp; name = include_juce_opengl.mm; path = ../../JuceLibraryCode/include_juce_opengl.mm; sourceTree = SOURCE_ROOT; };
		4AC37E5AC358AC2F134FD78D /* include_juce_events.mm */ /* include_juce_events.mm */ = {isa = PBXFileReference; lastKnownFileType = sourcecode.cpp.objcpp; name = include_juce_events.mm; path = ../../JuceLibraryCode/include_juce_events.mm; sourceTree = SOURCE_ROOT; };
		4D287C63BA64271A3F1CEA4E /* mod.h */ /* mod.h */ = {isa = PBXFileReference; lastKnownFileType = sourcecode.c.h; name = mod.h; path = ../../Source/Fluidlite/include/fluidsynth/mod.h; sourceTree = SOURCE_ROOT; };
		5049961F23400A9000F17353 /* fluid_rev.h */ /* fluid_rev.h */ = {isa = PBXFileReference; lastKnownFileType = sourcecode.c.h; name = fluid_rev.h; path = ../../Source/Fluidlite/src/fluid_rev.h; sourceTree = SOURCE_ROOT; };
		50A4257C12534EE509DE458E /* juce_cryptography */ /* juce_cryptography */ = {isa = PBXFileReference; lastKnownFileType = folder; name = juce_cryptography; path = "~/JUCE/modules/juce_cryptography"; sourceTree = "<absolute>"; };
		5228CA5136407D3E1D3C9AD8 /* IOKit.framework */ /* IOKit.framework */ = {isa = PBXFileReference; lastKnownFileType = wrapper.framework; name = IOKit.framework; path = System/Library/Frameworks/IOKit.framework; sourceTree = SDKROOT; };
		54A95DD017AC88F8EFD90606 /* MainComponent.cpp */ /* MainComponent.cpp */ = {isa = PBXFileReference; lastKnownFileType = sourcecode.cpp.cpp; name = MainComponent.cpp; path = ../../Source/MainComponent.cpp; sourceTree = SOURCE_ROOT; };
		54CA5A756AC7CBED5E47752C /* CoreAudioKit.framework */ /* CoreAudioKit.framework */ = {isa = PBXFileReference; lastKnownFileType = wrapper.framework; name = CoreAudioKit.framework; path = System/Library/Frameworks/CoreAudioKit.framework; sourceTree = SDKROOT; };
		57FB04D0F21AF251A3CAAD46 /* include_juce_audio_processors_lv2_libs.cpp */ /* include_juce_audio_processors_lv2_libs.cpp */ = {isa = PBXFileReference; lastKnownFileType = sourcecode.cpp.cpp; name = include_juce_audio_processors_lv2_libs.cpp; path = ../../JuceLibraryCode/include_juce_audio_processors_lv2_libs.cpp; sourceTree = SOURCE_ROOT; };
		59581A0AAE1ED8B0D1C25678 /* fluid_sys.c */ /* fluid_sys.c */ = {isa = PBXFileReference; lastKnownFileType = sourcecode.c.c; name = fluid_sys.c; path = ../../Source/Fluidlite/src/fluid_sys.c; sourceTree = SOURCE_ROOT; };
		59F54F41DD875114834F4315 /* include_juce_core.mm */ /* include_juce_core.mm */ = {isa = PBXFileReference; lastKnownFileType = sourcecode.cpp.objcpp; name = include_juce_core.mm; path = ../../JuceLibraryCode/include_juce_core.mm; sourceTree = SOURCE_ROOT; };
		5BB49EB1ED96CCFD3B40533B /* WebKit.framework */ /* WebKit.framework */ = {isa = PBXFileReference; lastKnownFileType = wrapper.framework; name = WebKit.framework; path = System/Library/Frameworks/WebKit.framework; sourceTree = SDKROOT; };
		5C4B761B2610F81F4EEC69F9 /* include_juce_data_structures.mm */ /* include_juce_data_structures.mm */ = {isa = PBXFileReference; lastKnownFileType = sourcecode.cpp.objcpp; name = include_juce_data_structures.mm; path = ../../JuceLibraryCode/include_juce_data_structures.mm; sourceTree = SOURCE_ROOT; };
		5C65CAAEB0A57D612DD23372 /* SoundfontAudioSource.h */ /* SoundfontAudioSource.h */ = {isa = PBXFileReference; lastKnownFileType = sourcecode.c.h; name = SoundfontAudioSource.h; path = ../../Source/SoundfontAudioSource.h; sourceTree = SOURCE_ROOT; };
		5D137B72E7CBF2231280750B /* include_juce_video.mm */ /* include_juce_video.mm */ = {isa = PBXFileReference; lastKnownFileType = sourcecode.cpp.objcpp; name = include_juce_video.mm; path = ../../JuceLibraryCode/include_juce_video.mm; sourceTree = SOURCE_ROOT; };
		5FB7EE0642D2DEDBC2299C5B /* juce_core */ /* juce_core */ = {isa = PBXFileReference; lastKnownFileType = folder; name = juce_core; path = "~/JUCE/modules/juce_core"; sourceTree = "<absolute>"; };
		64165D45A86A6CC77B7129AD /* Foundation.framework */ /* Foundation.framework */ = {isa = PBXFileReference; lastKnownFileType = wrapper.framework; name = Foundation.framework; path = System/Library/Frameworks/Foundation.framework; sourceTree = SDKROOT; };
		64E8C82D49FC639D66D7E8E4 /* include_juce_gui_extra.mm */ /* include_juce_gui_extra.mm */ = {isa = PBXFileReference; lastKnownFileType = sourcecode.cpp.objcpp; name = include_juce_gui_extra.mm; path = ../../JuceLibraryCode/include_juce_gui_extra.mm; sourceTree = SOURCE_ROOT; };
		6A32FAC3338E1CCFF30F6C0F /* fluid_chorus.c */ /* fluid_chorus.c */ = {isa = PBXFileReference; lastKnownFileType = sourcecode.c.c; name = fluid_chorus.c; path = ../../Source/Fluidlite/src/fluid_chorus.c; sourceTree = SOURCE_ROOT; };
		6A97691F15A33CB76EA19EEF /* fluid_synth.h */ /* fluid_synth.h */ = {isa = PBXFileReference; lastKnownFileType = sourcecode.c.h; name = fluid_synth.h; path = ../../Source/Fluidlite/src/fluid_synth.h; sourceTree = SOURCE_ROOT; };
		6FFDA18D1DA699198A0213DD /* types.h */ /* types.h */ = {isa = PBXFileReference; lastKnownFileType = sourcecode.c.h; name = types.h; path = ../../Source/Fluidlite/include/fluidsynth/types.h; sourceTree = SOURCE_ROOT; };
		721FEB9DDA15040A064C8BD7 /* Accelerate.framework */ /* Accelerate.framework */ = {isa = PBXFileReference; lastKnownFileType = wrapper.framework; name = Accelerate.framework; path = System/Library/Frameworks/Accelerate.framework; sourceTree = SDKROOT; };
		72DEBF5E66A9C7C32F1F853E /* synth.h */ /* synth.h */ = {isa = PBXFileReference; lastKnownFileType = sourcecode.c.h; name = synth.h; path = ../../Source/Fluidlite/include/fluidsynth/synth.h; sourceTree = SOURCE_ROOT; };
		7450A76A26DA4CC54557F3F9 /* MetalKit.framework */ /* MetalKit.framework */ = {isa = PBXFileReference; lastKnownFileType = wrapper.framework; name = MetalKit.framework; path = System/Library/Frameworks/MetalKit.framework; sourceTree = SDKROOT; };
		75CFC43FB7FD8C0EAE11E329 /* juce_video */ /* juce_video */ = {isa = PBXFileReference; lastKnownFileType = folder; name = juce_video; path = "~/JUCE/modules/juce_video"; sourceTree = "<absolute>"; };
		776F959D7414FE0FC8BFE1F4 /* fluidsynth_priv.h */ /* fluidsynth_priv.h */ = {isa = PBXFileReference; lastKnownFileType = sourcecode.c.h; name = fluidsynth_priv.h; path = ../../Source/Fluidlite/src/fluidsynth_priv.h; sourceTree = SOURCE_ROOT; };
		77FD316BEBA113284CE35144 /* log.h */ /* log.h */ = {isa = PBXFileReference; lastKnownFileType = sourcecode.c.h; name = log.h; path = ../../Source/Fluidlite/include/fluidsynth/log.h; sourceTree = SOURCE_ROOT; };
		7A347802903663524CB421FE /* include_juce_gui_basics.mm */ /* include_juce_gui_basics.mm */ = {isa = PBXFileReference; lastKnownFileType = sourcecode.cpp.objcpp; name = include_juce_gui_basics.mm; path = ../../JuceLibraryCode/include_juce_gui_basics.mm; sourceTree = SOURCE_ROOT; };
		7AD161EA036311E18504EE3F /* include_juce_audio_devices.mm */ /* include_juce_audio_devices.mm */ = {isa = PBXFileReference; lastKnownFileType = sourcecode.cpp.objcpp; name = include_juce_audio_devices.mm; path = ../../JuceLibraryCode/include_juce_audio_devices.mm; sourceTree = SOURCE_ROOT; };
		7F7609336785ABACCC379DF1 /* JuceHeader.h */ /* JuceHeader.h */ = {isa = PBXFileReference; lastKnownFileType = sourcecode.c.h; name = JuceHeader.h; path = ../../JuceLibraryCode/JuceHeader.h; sourceTree = SOURCE_ROOT; };
		87F737814B5C8C5DDBB45902 /* AVFoundation.framework */ /* AVFoundation.framework */ = {isa = PBXFileReference; lastKnownFileType = wrapper.framework; name = AVFoundation.framework; path = System/Library/Frameworks/AVFoundation.framework; sourceTree = SDKROOT; };
		89056961DD826FFEB40744EF /* fluid_list.h */ /* fluid_list.h */ = {isa = PBXFileReference; lastKnownFileType = sourcecode.c.h; name = fluid_list.h; path = ../../Source/Fluidlite/src/fluid_list.h; sourceTree = SOURCE_ROOT; };
		8AA2258ABFC49378B2E882BB /* Info-App.plist */ /* Info-App.plist */ = {isa = PBXFileReference; lastKnownFileType = text.plist.xml; name = "Info-App.plist"; path = "Info-App.plist"; sourceTree = SOURCE_ROOT; };
		8D8FCDD8887D291639F874E4 /* fluid_conv.c */ /* fluid_conv.c */ = {isa = PBXFileReference; lastKnownFileType = sourcecode.c.c; name = fluid_conv.c; path = ../../Source/Fluidlite/src/fluid_conv.c; sourceTree = SOURCE_ROOT; };
		91B426228D9EB85376252B15 /* fluid_gen.h */ /* fluid_gen.h */ = {isa = PBXFileReference; lastKnownFileType = sourcecode.c.h; name = fluid_gen.h; path = ../../Source/Fluidlite/src/fluid_gen.h; sourceTree = SOURCE_ROOT; };
		926706468955E2BE0CE3EC12 /* juce_data_structures */ /* juce_data_structures */ = {isa = PBXFileReference; lastKnownFileType = folder; name = juce_data_structures; path = "~/JUCE/modules/juce_data_structures"; sourceTree = "<absolute>"; };
		9281FFFA7BDD3EFFBF0DE371 /* fluid_defsfont.h */ /* fluid_defsfont.h */ = {isa = PBXFileReference; lastKnownFileType = sourcecode.c.h; name = fluid_defsfont.h; path = ../../Source/Fluidlite/src/fluid_defsfont.h; sourceTree = SOURCE_ROOT; };
		9476597B8AE987134C9E50A7 /* include_juce_audio_formats.mm */ /* include_juce_audio_formats.mm */ = {isa = PBXFileReference; lastKnownFileType = sourcecode.cpp.objcpp; name = include_juce_audio_formats.mm; path = ../../JuceLibraryCode/include_juce_audio_formats.mm; sourceTree = SOURCE_ROOT; };
		94910A582FCA6C53190E4362 /* Security.framework */ /* Security.framework */ = {isa = PBXFileReference; lastKnownFileType = wrapper.framework; name = Security.framework; path = System/Library/Frameworks/Security.framework; sourceTree = SDKROOT; };
		9E4048A6F82674848E611643 /* QuartzCore.framework */ /* QuartzCore.framework */ = {isa = PBXFileReference; lastKnownFileType = wrapper.framework; name = QuartzCore.framework; path = System/Library/Frameworks/QuartzCore.framework; sourceTree = SDKROOT; };
		9FF5670797BB88D9A55D2732 /* include_juce_audio_processors.mm */ /* include_juce_audio_processors.mm */ = {isa = PBXFileReference; lastKnownFileType = sourcecode.cpp.objcpp; name = include_juce_audio_processors.mm; path = ../../JuceLibraryCode/include_juce_audio_processors.mm; sourceTree = SOURCE_ROOT; };
		A1BEBC3571778702AD47A900 /* voice.h */ /* voice.h */ = {isa = PBXFileReference; lastKnownFileType = sourcecode.c.h; name = voice.h; path = ../../Source/Fluidlite/include/fluidsynth/voice.h; sourceTree = SOURCE_ROOT; };
		A410AC4C512667DDB54B4B29 /* Cocoa.framework */ /* Cocoa.framework */ = {isa = PBXFileReference; lastKnownFileType = wrapper.framework; name = Cocoa.framework; path = System/Library/Frameworks/Cocoa.framework; sourceTree = SDKROOT; };
		A49E34313237D12AA6199B0B /* fluid_mod.h */ /* fluid_mod.h */ = {isa = PBXFileReference; lastKnownFileType = sourcecode.c.h; name = fluid_mod.h; path = ../../Source/Fluidlite/src/fluid_mod.h; sourceTree = SOURCE_ROOT; };
		A5AA0DE5E0F5AFAAD129E0E9 /* AppConfig.h */ /* AppConfig.h */ = {isa = PBXFileReference; lastKnownFileType = sourcecode.c.h; name = AppConfig.h; path = ../../JuceLibraryCode/AppConfig.h; sourceTree = SOURCE_ROOT; };
		A960B85170CD4CD00947A0BD /* fluidsynth.c */ /* fluidsynth.c */ = {isa = PBXFileReference; lastKnownFileType = sourcecode.c.c; name = fluidsynth.c; path = ../../Source/Fluidlite/src/fluidsynth.c; sourceTree = SOURCE_ROOT; };
		ACC9D18A3CE33C9C5FD1F58F /* fluid_sfont.h */ /* fluid_sfont.h */ = {isa = PBXFileReference; lastKnownFileType = sourcecode.c.h; name = fluid_sfont.h; path = ../../Source/Fluidlite/src/fluid_sfont.h; sourceTree = SOURCE_ROOT; };
		B24D6880B3D10140C24589A8 /* juce_audio_processors */ /* juce_audio_processors */ = {isa = PBXFileReference; lastKnownFileType = folder; name = juce_audio_processors; path = "~/JUCE/modules/juce_audio_processors"; sourceTree = "<absolute>"; };
		B60D24ADF4D4A0CC28EA44E9 /* juce_audio_utils */ /* juce_audio_utils */ = {isa = PBXFileReference; lastKnownFileType = folder; name = juce_audio_utils; path = "~/JUCE/modules/juce_audio_utils"; sourceTree = "<absolute>"; };
		BC3F2581DB35FCA641B6F23D /* include_juce_audio_processors_ara.cpp */ /* include_juce_audio_processors_ara.cpp */ = {isa = PBXFileReference; lastKnownFileType = sourcecode.cpp.cpp; name = include_juce_audio_processors_ara.cpp; path = ../../JuceLibraryCode/include_juce_audio_processors_ara.cpp; sourceTree = SOURCE_ROOT; };
		C62E02A984AB28A76A64F2F1 /* fluid_conv.h */ /* fluid_conv.h */ = {isa = PBXFileReference; lastKnownFileType = sourcecode.c.h; name = fluid_conv.h; path = ../../Source/Fluidlite/src/fluid_conv.h; sourceTree = SOURCE_ROOT; };
		C8802C898FBA576FC474602B /* fluid_chorus.h */ /* fluid_chorus.h */ = {isa = PBXFileReference; lastKnownFileType = sourcecode.c.h; name = fluid_chorus.h; path = ../../Source/Fluidlite/src/fluid_chorus.h; sourceTree = SOURCE_ROOT; };
		CA28209C4A5E790C00BAAC10 /* fluid_list.c */ /* fluid_list.c */ = {isa = PBXFileReference; lastKnownFileType = sourcecode.c.c; name = fluid_list.c; path = ../../Source/Fluidlite/src/fluid_list.c; sourceTree = SOURCE_ROOT; };
		CDFA3B2D9B5BFF6D900F9F8B /* juce_gui_extra */ /* juce_gui_extra */ = {isa = PBXFileReference; lastKnownFileType = folder; name = juce_gui_extra; path = "~/JUCE/modules/juce_gui_extra"; sourceTree = "<absolute>"; };
		CF9933B807280FBB77E7F442 /* AVKit.framework */ /* AVKit.framework */ = {isa = PBXFileReference; lastKnownFileType = wrapper.framework; name = AVKit.framework; path = System/Library/Frameworks/AVKit.framework; sourceTree = SDKROOT; };
		D36E82362DCE28926D6395A8 /* fluid_gen.c */ /* fluid_gen.c */ = {isa = PBXFileReference; lastKnownFileType = sourcecode.c.c; name = fluid_gen.c; path = ../../Source/Fluidlite/src/fluid_gen.c; sourceTree = SOURCE_ROOT; };
		D55925ACDC5BD1731AB76876 /* SoundfontAudioSource.cpp */ /* SoundfontAudioSource.cpp */ = {isa = PBXFileReference; lastKnownFileType = sourcecode.cpp.cpp; name = SoundfontAudioSource.cpp; path = ../../Source/SoundfontAudioSource.cpp; sourceTree = SOURCE_ROOT; };
		D634ACF63D999E0E0F9414A3 /* DiscRecording.framework */ /* DiscRecording.framework */ = {isa = PBXFileReference; lastKnownFileType = wrapper.framework; name = DiscRecording.framework; path = System/Library/Frameworks/DiscRecording.framework; sourceTree = SDKROOT; };
		D70BB3F2117AB25F75FFB254 /* misc.h */ /* misc.h */ = {isa = PBXFileReference; lastKnownFileType = sourcecode.c.h; name = misc.h; path = ../../Source/Fluidlite/include/fluidsynth/misc.h; sourceTree = SOURCE_ROOT; };
		D80731AE91AE2320A0103FFC /* CoreMIDI.framework */ /* CoreMIDI.framework */ = {isa = PBXFileReference; lastKnownFileType = wrapper.framework; name = CoreMIDI.framework; path = System/Library/Frameworks/CoreMIDI.framework; sourceTree = SDKROOT; };
		DBD916D6C53CD76C1ED2E7BD /* MidiFilePlayer.cpp */ /* MidiFilePlayer.cpp */ = {isa = PBXFileReference; lastKnownFileType = sourcecode.cpp.cpp; name = MidiFilePlayer.cpp; path = ../../Source/MidiFilePlayer.cpp; sourceTree = SOURCE_ROOT; };
		DE482FE24D4B65113EDB36A3 /* juce_gui_basics */ /* juce_gui_basics */ = {isa = PBXFileReference; lastKnownFileType = folder; name = juce_gui_basics; path = "~/JUCE/modules/juce_gui_basics"; sourceTree = "<absolute>"; };
		DF4F9B3FB465A808E86DB1B7 /* include_juce_audio_utils.mm */ /* include_juce_audio_utils.mm */ = {isa = PBXFileReference; lastKnownFileType = sourcecode.cpp.objcpp; name = include_juce_audio_utils.mm; path = ../../JuceLibraryCode/include_juce_audio_utils.mm; sourceTree = SOURCE_ROOT; };
		DF6D5D2F36BEC274780D0AEE /* CoreAudio.framework */ /* CoreAudio.framework */ = {isa = PBXFileReference; lastKnownFileType = wrapper.framework; name = CoreAudio.framework; path = System/Library/Frameworks/CoreAudio.framework; sourceTree = SDKROOT; };
		DFBBB68AEA52BBEE320FE558 /* fluid_voice.h */ /* fluid_voice.h */ = {isa = PBXFileReference; lastKnownFileType = sourcecode.c.h; name = fluid_voice.h; path = ../../Source/Fluidlite/src/fluid_voice.h; sourceTree = SOURCE_ROOT; };
		DFED98F5626EC9C399AFBBD4 /* fluid_chan.c */ /* fluid_chan.c */ = {isa = PBXFileReference; lastKnownFileType = sourcecode.c.c; name = fluid_chan.c; path = ../../Source/Fluidlite/src/fluid_chan.c; sourceTree = SOURCE_ROOT; };
		E266461E9C99501C407BB904 /* AudioToolbox.framework */ /* AudioToolbox.framework */ = {isa = PBXFileReference; lastKnownFileType = wrapper.framework; name = AudioToolbox.framework; path = System/Library/Frameworks/AudioToolbox.framework; sourceTree = SDKROOT; };
		E761F8D33707F435E8D593E3 /* fluid_settings.h */ /* fluid_settings.h */ = {isa = PBXFileReference; lastKnownFileType = sourcecode.c.h; name = fluid_settings.h; path = ../../Source/Fluidlite/src/fluid_settings.h; sourceTree = SOURCE_ROOT; };
		EBF5559FA07B822E466B1E07 /* juce_audio_devices */ /* juce_audio_devices */ = {isa = PBXFileReference; lastKnownFileType = folder; name = juce_audio_devices; path = "~/JUCE/modules/juce_audio_devices"; sourceTree = "<absolute>"; };
		EFB6619A28A4E1BC5389D2A7 /* fluid_sys.h */ /* fluid_sys.h */ = {isa = PBXFileReference; lastKnownFileType = sourcecode.c.h; name = fluid_sys.h; path = ../../Source/Fluidlite/src/fluid_sys.h; sourceTree = SOURCE_ROOT; };
		F0D5091E15FD473BAA429DF8 /* fluid_ramsfont.h */ /* fluid_ramsfont.h */ = {isa = PBXFileReference; lastKnownFileType = sourcecode.c.h; name = fluid_ramsfont.h; path = ../../Source/Fluidlite/src/fluid_ramsfont.h; sourceTree = SOURCE_ROOT; };
		F7C777148A148A008103A298 /* fluid_rev.c */ /* fluid_rev.c */ = {isa = PBXFileReference; lastKnownFileType = sourcecode.c.c; name = fluid_rev.c; path = ../../Source/Fluidlite/src/fluid_rev.c; sourceTree = SOURCE_ROOT; };
		F865418376BAD89B5BED74E2 /* include_juce_audio_basics.mm */ /* include_juce_audio_basics.mm */ = {isa = PBXFileReference; lastKnownFileType = sourcecode.cpp.objcpp; name = include_juce_audio_basics.mm; path = ../../JuceLibraryCode/include_juce_audio_basics.mm; sourceTree = SOURCE_ROOT; };
		FB75F187E5DBFD53B1AF0D26 /* fluidlite.h */ /* fluidlite.h */ = {isa = PBXFileReference; lastKnownFileType = sourcecode.c.h; name = fluidlite.h; path = ../../Source/Fluidlite/include/fluidlite.h; sourceTree = SOURCE_ROOT; };
		FB7994E6382463BA04C3D43D /* Metal.framework */ /* Metal.framework */ = {isa = PBXFileReference; lastKnownFileType = wrapper.framework; name = Metal.framework; path = System/Library/Frameworks/Metal.framework; sourceTree = SDKROOT; };
		FC4A4E343E9028B0E4B3ECD2 /* fluid_hash.h */ /* fluid_hash.h */ = {isa = PBXFileReference; lastKnownFileType = sourcecode.c.h; name = fluid_hash.h; path = ../../Source/Fluidlite/src/fluid_hash.h; sourceTree = SOURCE_ROOT; };
		FD219FE177E24E772B1931AF /* gen.h */ /* gen.h */ = {isa = PBXFileReference; lastKnownFileType = sourcecode.c.h; name = gen.h; path = ../../Source/Fluidlite/include/fluidsynth/gen.h; sourceTree = SOURCE_ROOT; };
		FFBA0E8B7E9F973BAA27DDA1 /* RecentFilesMenuTemplate.nib */ /* RecentFilesMenuTemplate.nib */ = {isa = PBXFileReference; lastKnownFileType = file.nib; name = RecentFilesMenuTemplate.nib; path = RecentFilesMenuTemplate.nib; sourceTree = SOURCE_ROOT; };
/* End PBXFileReference section */

/* Begin PBXFrameworksBuildPhase section */
		0B8673ED2A9F63672429EF9F = {
			isa = PBXFrameworksBuildPhase;
			buildActionMask = 2147483647;
			files = (
				0D7FD5E5604A6C8451C1D2F1,
				7F958C8E3CDC0E193BABBC35,
				E9859CF015392611509FBD75,
				AB79E1BBD16F55CE4651BCF6,
				BDE5A6CD9350CF62F5F3FE80,
				C6DD8B08039495726BDF1583,
				67A586D3E3EE349A6525497E,
				512B707E057CE016E2390120,
				2BADE02C5A4CB84EA31123F2,
				82D8D6DABF8CB055A699E8C2,
				F2E4B93803923D7D64D2A553,
				7D3D2F3005AAF4E4DA9C821B,
				9F8B5478F7E447C7036DC26D,
				45ED06F52A3316DD8C1ECDF9,
				29B0D01D9FB74639286CD28E,
				3B8B05DC21A8B5683F10BEBE,
				2EA0071334D3484817B9BFB4,
				3CC0CDBBD2792823282DF565,
			);
			runOnlyForDeploymentPostprocessing = 0;
		};
/* End PBXFrameworksBuildPhase section */

/* Begin PBXGroup section */
		0309F033D9196B40C2FB6051 /* Source */ = {
			isa = PBXGroup;
			children = (
				2AC443C79DAF8A096589AAF8,
				D55925ACDC5BD1731AB76876,
				5C65CAAEB0A57D612DD23372,
				178D246285F317238B40D0E5,
				54A95DD017AC88F8EFD90606,
				1F8AAD19AE322B279DB38C1D,
				DBD916D6C53CD76C1ED2E7BD,
				3C00025969B568DADD3C0B6D,
			);
			name = Source;
			sourceTree = "<group>";
		};
		19F2D508B419420EC0B5DA92 /* fluidsynth */ = {
			isa = PBXGroup;
			children = (
				FD219FE177E24E772B1931AF,
				77FD316BEBA113284CE35144,
				D70BB3F2117AB25F75FFB254,
				4D287C63BA64271A3F1CEA4E,
				2BBA9B5D311544A8569F0B6A,
				4389F0D9B7631985336269E5,
				2BE7840CD0B064864C77F23D,
				72DEBF5E66A9C7C32F1F853E,
				6FFDA18D1DA699198A0213DD,
				1A5CA7E044891B54D5EBDCE9,
				A1BEBC3571778702AD47A900,
			);
			name = fluidsynth;
			sourceTree = "<group>";
		};
		244ED953BBD18D69FC8EF72E /* Frameworks */ = {
			isa = PBXGroup;
			children = (
				721FEB9DDA15040A064C8BD7,
				E266461E9C99501C407BB904,
				87F737814B5C8C5DDBB45902,
				CF9933B807280FBB77E7F442,
				A410AC4C512667DDB54B4B29,
				DF6D5D2F36BEC274780D0AEE,
				54CA5A756AC7CBED5E47752C,
				1E997EA60FD602AD2E7C2B4F,
				D80731AE91AE2320A0103FFC,
				D634ACF63D999E0E0F9414A3,
				64165D45A86A6CC77B7129AD,
				5228CA5136407D3E1D3C9AD8,
				1CC0C477195640E07E961E96,
				9E4048A6F82674848E611643,
				94910A582FCA6C53190E4362,
				5BB49EB1ED96CCFD3B40533B,
				FB7994E6382463BA04C3D43D,
				7450A76A26DA4CC54557F3F9,
			);
			name = Frameworks;
			sourceTree = "<group>";
		};
		2AC443C79DAF8A096589AAF8 /* Fluidlite */ = {
			isa = PBXGroup;
			children = (
				76D9EF28E5E7542E040CADF9,
				60A52C7D4E522260BD76B212,
			);
			name = Fluidlite;
			sourceTree = "<group>";
		};
		60A52C7D4E522260BD76B212 /* src */ = {
			isa = PBXGroup;
			children = (
				DFED98F5626EC9C399AFBBD4,
				34C84ECD2979B4C4D232CCE9,
				6A32FAC3338E1CCFF30F6C0F,
				C8802C898FBA576FC474602B,
				34D545216AD7739D7B81FE87,
				8D8FCDD8887D291639F874E4,
				C62E02A984AB28A76A64F2F1,
				122D150F33AA61A114666CE8,
				9281FFFA7BDD3EFFBF0DE371,
				439038DF45F00056980B21B0,
				061428B6A303FB4D774C7577,
				D36E82362DCE28926D6395A8,
				91B426228D9EB85376252B15,
				3E6FEF04EB2828F3759D6340,
				FC4A4E343E9028B0E4B3ECD2,
				CA28209C4A5E790C00BAAC10,
				89056961DD826FFEB40744EF,
				3AA76E0DF709112AFAE6E375,
				3F515B2680E7D209B7835F38,
				A49E34313237D12AA6199B0B,
				0099E669636C214463A1D1D6,
				21842D306BD9640220AFF932,
				F0D5091E15FD473BAA429DF8,
				F7C777148A148A008103A298,
				5049961F23400A9000F17353,
				11FBF0FC13DE661F6DD5715A,
				E761F8D33707F435E8D593E3,
				ACC9D18A3CE33C9C5FD1F58F,
				252FE6BC48E605E6C25E69CF,
				6A97691F15A33CB76EA19EEF,
				59581A0AAE1ED8B0D1C25678,
				EFB6619A28A4E1BC5389D2A7,
				1EED3A48FD1C7FFDCCCEA078,
				0183D5DA54667EC1227FBB09,
				3AD10A3E0F5BB1E98E6B6407,
				DFBBB68AEA52BBEE320FE558,
				A960B85170CD4CD00947A0BD,
				776F959D7414FE0FC8BFE1F4,
			);
			name = src;
			sourceTree = "<group>";
		};
		76D9EF28E5E7542E040CADF9 /* include */ = {
			isa = PBXGroup;
			children = (
				19F2D508B419420EC0B5DA92,
				FB75F187E5DBFD53B1AF0D26,
			);
			name = include;
			sourceTree = "<group>";
		};
		81FE3E8EB3FA66998B3AFF3B /* Resources */ = {
			isa = PBXGroup;
			children = (
				8AA2258ABFC49378B2E882BB,
				FFBA0E8B7E9F973BAA27DDA1,
			);
			name = Resources;
			sourceTree = "<group>";
		};
		827980943F3BE6BFDA85276B /* Products */ = {
			isa = PBXGroup;
			children = (
				3C5A99CD86C3D580602B3CC9,
			);
			name = Products;
			sourceTree = "<group>";
		};
		B02693397F8ABE76224AFFC8 /* JUCE Library Code */ = {
			isa = PBXGroup;
			children = (
				A5AA0DE5E0F5AFAAD129E0E9,
				F865418376BAD89B5BED74E2,
				7AD161EA036311E18504EE3F,
				9476597B8AE987134C9E50A7,
				9FF5670797BB88D9A55D2732,
				BC3F2581DB35FCA641B6F23D,
				57FB04D0F21AF251A3CAAD46,
				DF4F9B3FB465A808E86DB1B7,
				59F54F41DD875114834F4315,
				365ECEEBBFD0BA1E853EEF3E,
				5C4B761B2610F81F4EEC69F9,
				4AC37E5AC358AC2F134FD78D,
				3A8AF5AE5F36A9FF3DC8D583,
				7A347802903663524CB421FE,
				64E8C82D49FC639D66D7E8E4,
				4546F826A55F073875AE22A1,
				5D137B72E7CBF2231280750B,
				7F7609336785ABACCC379DF1,
			);
			name = "JUCE Library Code";
			sourceTree = "<group>";
		};
		B0C5935242F1B47556A9BF54 /* Source */ = {
			isa = PBXGroup;
			children = (
				DEEF0C1647F2596CD673418F,
				E8A2FA542764E4773ACF94D8,
				B02693397F8ABE76224AFFC8,
				81FE3E8EB3FA66998B3AFF3B,
				244ED953BBD18D69FC8EF72E,
				827980943F3BE6BFDA85276B,
			);
			name = Source;
			sourceTree = "<group>";
		};
		DEEF0C1647F2596CD673418F /* JUCE-Soundfonts */ = {
			isa = PBXGroup;
			children = (
				0309F033D9196B40C2FB6051,
			);
			name = "JUCE-Soundfonts";
			sourceTree = "<group>";
		};
		E8A2FA542764E4773ACF94D8 /* JUCE Modules */ = {
			isa = PBXGroup;
			children = (
				411D7D6DDCB2C8B34C7EB8B0,
				EBF5559FA07B822E466B1E07,
				1F4AC86182F6C15961E167FA,
				B24D6880B3D10140C24589A8,
				B60D24ADF4D4A0CC28EA44E9,
				5FB7EE0642D2DEDBC2299C5B,
				50A4257C12534EE509DE458E,
				926706468955E2BE0CE3EC12,
				37FD392E7165A14924C0B2D7,
				1CA8F3A4C14341A41E45FF31,
				DE482FE24D4B65113EDB36A3,
				CDFA3B2D9B5BFF6D900F9F8B,
				23AD16F79BC3A670E86BA6EC,
				75CFC43FB7FD8C0EAE11E329,
			);
			name = "JUCE Modules";
			sourceTree = "<group>";
		};
/* End PBXGroup section */

/* Begin PBXNativeTarget section */
		1F87B2837F655360D1F222AD /* JUCE-Soundfonts - App */ = {
			isa = PBXNativeTarget;
			buildConfigurationList = BC82D69549362F069FD26986;
			buildPhases = (
				3F9A0DE64C95707A9237F7E4,
				84A2366A52FEDEA973AAA361,
				0B8673ED2A9F63672429EF9F,
			);
			buildRules = (
			);
			dependencies = (
			);
			name = "JUCE-Soundfonts - App";
			productName = "JUCE-Soundfonts";
			productReference = 3C5A99CD86C3D580602B3CC9;
			productType = "com.apple.product-type.application";
		};
/* End PBXNativeTarget section */

/* Begin PBXProject section */
		5CB03924A50260ABBAEFB898 = {
			isa = PBXProject;
			attributes = {
				BuildIndependentTargetsInParallel = YES;
				LastUpgradeCheck = 1340;
				ORGANIZATIONNAME = "";
				TargetAttributes = {
					1F87B2837F655360D1F222AD = {
						SystemCapabilities = {
							com.apple.ApplicationGroups.iOS = {
								enabled = 0;
							};
							com.apple.HardenedRuntime = {
								enabled = 0;
							};
							com.apple.InAppPurchase = {
								enabled = 0;
							};
							com.apple.InterAppAudio = {
								enabled = 0;
							};
							com.apple.Push = {
								enabled = 0;
							};
							com.apple.Sandbox = {
								enabled = 0;
							};
						};
					};
				};
			};
			buildConfigurationList = 86B29E5C342DA7B8123E3E1B;
			compatibilityVersion = "Xcode 3.2";
			hasScannedForEncodings = 0;
			knownRegions = (
				en,
				Base,
			);
			mainGroup = B0C5935242F1B47556A9BF54;
			projectDirPath = "";
			projectRoot = "";
			targets = (
				1F87B2837F655360D1F222AD,
			);
		};
/* End PBXProject section */

/* Begin PBXResourcesBuildPhase section */
		3F9A0DE64C95707A9237F7E4 = {
			isa = PBXResourcesBuildPhase;
			buildActionMask = 2147483647;
			files = (
				FEA1C57EAD7D4F65FC9BCF22,
			);
			runOnlyForDeploymentPostprocessing = 0;
		};
/* End PBXResourcesBuildPhase section */

/* Begin PBXSourcesBuildPhase section */
		84A2366A52FEDEA973AAA361 = {
			isa = PBXSourcesBuildPhase;
			buildActionMask = 2147483647;
			files = (
				EA08096C31A62543551F7FC7,
				8D413B830830678D7FDB5509,
				128D871C23023DD947E98B85,
				E54B50436CE20D7D417D0CB3,
				2323A6A8AF50D83027DDB725,
				49376BF898B0AFE70D4FF4E7,
				8EAD64A430AD807211EF2931,
				ADCA47F675E93A874F467AFA,
				53A05CCA5E25DDF356CAC1F2,
				4AAF8861657CB27E7C5366C3,
				F75B7E95D0EF60F6460A310D,
				3CB0B746CB75E8BDFDA80BC1,
				DF5A813A1632BA08B52887E6,
				173D5D22C6782A61C4A92F41,
				507A496089A2C35D9181BA93,
				E6C65A8D2A592AB52163C24C,
				56BA06B1C86F6BFA740FDD55,
				200191419B68988C76444C4A,
				5869ABFE55B6B939E443BF7B,
				87456BD1A613AA12F46C01B6,
				103B4B9E628FDE129A0450FC,
				E8FD3F1043B5ED958E9D8CAB,
				21DB66EAC80872175AB55701,
				37D1EB5D657147A3AA9D72A3,
				AD21C3D6E94328A1C57FC414,
				B2D877299E80CFFCA63C41AF,
				C01500C43696A100E95483F8,
				1E6E9F96CB33AA4E2402C73E,
				BEB0995E8E7EDF70A8E189F6,
				871F36281497FB0958123C02,
				20212E213082A3A98B374F90,
				4111CB7A9593BDC08755B626,
				CD5277F5B21D84FDB4724E3D,
				492645C6B25537730EA4CD06,
				73581C9AC890D39124BEF308,
				54931C818C1F240E16A7EC07,
				1B3353E0864CACC902D9735E,
				291167087E4C66DDC171A072,
			);
			runOnlyForDeploymentPostprocessing = 0;
		};
/* End PBXSourcesBuildPhase section */

/* Begin XCBuildConfiguration section */
		4CE6D302648E790F71A8CCBF /* Release */ = {
			isa = XCBuildConfiguration;
			buildSettings = {
				ALWAYS_SEARCH_USER_PATHS = NO;
				CLANG_ENABLE_OBJC_WEAK = YES;
				CLANG_WARN_BLOCK_CAPTURE_AUTORELEASING = YES;
				CLANG_WARN_BOOL_CONVERSION = YES;
				CLANG_WARN_COMMA = YES;
				CLANG_WARN_CONSTANT_CONVERSION = YES;
				CLANG_WARN_DEPRECATED_OBJC_IMPLEMENTATIONS = YES;
				CLANG_WARN_EMPTY_BODY = YES;
				CLANG_WARN_ENUM_CONVERSION = YES;
				CLANG_WARN_INFINITE_RECURSION = YES;
				CLANG_WARN_INT_CONVERSION = YES;
				CLANG_WARN_NON_LITERAL_NULL_CONVERSION = YES;
				CLANG_WARN_OBJC_IMPLICIT_RETAIN_SELF = YES;
				CLANG_WARN_OBJC_LITERAL_CONVERSION = YES;
				CLANG_WARN_RANGE_LOOP_ANALYSIS = YES;
				CLANG_WARN_STRICT_PROTOTYPES = YES;
				CLANG_WARN_SUSPICIOUS_MOVE = YES;
				CLANG_WARN_UNREACHABLE_CODE = YES;
				CLANG_WARN__DUPLICATE_METHOD_MATCH = YES;
				DEBUG_INFORMATION_FORMAT = dwarf;
				ENABLE_STRICT_OBJC_MSGSEND = YES;
				ENABLE_TESTABILITY = NO;
				GCC_C_LANGUAGE_STANDARD = c11;
				GCC_INLINES_ARE_PRIVATE_EXTERN = YES;
				GCC_MODEL_TUNING = G5;
				GCC_NO_COMMON_BLOCKS = YES;
				GCC_SYMBOLS_PRIVATE_EXTERN = YES;
				GCC_WARN_64_TO_32_BIT_CONVERSION = YES;
				GCC_WARN_ABOUT_RETURN_TYPE = YES;
				GCC_WARN_CHECK_SWITCH_STATEMENTS = YES;
				GCC_WARN_MISSING_PARENTHESES = YES;
				GCC_WARN_NON_VIRTUAL_DESTRUCTOR = YES;
				GCC_WARN_TYPECHECK_CALLS_TO_PRINTF = YES;
				GCC_WARN_UNDECLARED_SELECTOR = YES;
				GCC_WARN_UNINITIALIZED_AUTOS = YES;
				GCC_WARN_UNUSED_FUNCTION = YES;
				GCC_WARN_UNUSED_VARIABLE = YES;
				OTHER_CODE_SIGN_FLAGS = --timestamp;
				PRODUCT_NAME = "JUCE-Soundfonts";
				SDKROOT = macosx;
				WARNING_CFLAGS = "-Wreorder";
				ZERO_LINK = NO;
			};
			name = Release;
		};
		4CFAB333CD34F0FF710C6FDE /* Debug */ = {
			isa = XCBuildConfiguration;
			buildSettings = {
				CLANG_CXX_LANGUAGE_STANDARD = "c++17";
				CLANG_CXX_LIBRARY = "libc++";
				CLANG_LINK_OBJC_RUNTIME = NO;
				COMBINE_HIDPI_IMAGES = YES;
				CONFIGURATION_BUILD_DIR = "$(PROJECT_DIR)/build/$(CONFIGURATION)";
				COPY_PHASE_STRIP = NO;
				EXCLUDED_ARCHS = "";
				GCC_DYNAMIC_NO_PIC = NO;
				GCC_OPTIMIZATION_LEVEL = 0;
				GCC_PREPROCESSOR_DEFINITIONS = (
					"_DEBUG=1",
					"DEBUG=1",
					"JUCE_MODAL_LOOPS_PERMITTED=1",
					"JUCER_XCODE_MAC_F6D2F4CF=1",
					"JUCE_APP_VERSION=1.0.0",
					"JUCE_APP_VERSION_HEX=0x10000",
					"JucePlugin_Build_VST=0",
					"JucePlugin_Build_VST3=0",
					"JucePlugin_Build_AU=0",
					"JucePlugin_Build_AUv3=0",
					"JucePlugin_Build_AAX=0",
					"JucePlugin_Build_Standalone=0",
					"JucePlugin_Build_Unity=0",
					"JucePlugin_Build_LV2=0",
				);
				GCC_VERSION = com.apple.compilers.llvm.clang.1_0;
				HEADER_SEARCH_PATHS = (
					"$(SRCROOT)/../../JuceLibraryCode",
					"$(HOME)/JUCE/modules",
					"$(inherited)",
				);
				INFOPLIST_FILE = Info-App.plist;
				INFOPLIST_PREPROCESS = NO;
				INSTALL_PATH = "$(HOME)/Applications";
				MACOSX_DEPLOYMENT_TARGET = 10.13;
				MTL_HEADER_SEARCH_PATHS = "$(SRCROOT)/../../JuceLibraryCode $(HOME)/JUCE/modules";
				PRODUCT_BUNDLE_IDENTIFIER = com.yourcompany.JUCESoundfonts;
				PRODUCT_NAME = "JUCE-Soundfonts";
				USE_HEADERMAP = NO;
				VALIDATE_WORKSPACE_SKIPPED_SDK_FRAMEWORKS = OpenGL;
				VALID_ARCHS = "i386 x86_64 arm64 arm64e";
			};
			name = Debug;
		};
		5E03F7A1A33C2426CBEB3347 /* Release */ = {
			isa = XCBuildConfiguration;
			buildSettings = {
				CLANG_CXX_LANGUAGE_STANDARD = "c++17";
				CLANG_CXX_LIBRARY = "libc++";
				CLANG_LINK_OBJC_RUNTIME = NO;
				COMBINE_HIDPI_IMAGES = YES;
				CONFIGURATION_BUILD_DIR = "$(PROJECT_DIR)/build/$(CONFIGURATION)";
				DEAD_CODE_STRIPPING = YES;
				EXCLUDED_ARCHS = "";
				GCC_GENERATE_DEBUGGING_SYMBOLS = NO;
				GCC_OPTIMIZATION_LEVEL = 3;
				GCC_PREPROCESSOR_DEFINITIONS = (
					"_NDEBUG=1",
					"NDEBUG=1",
					"JUCE_MODAL_LOOPS_PERMITTED=1",
					"JUCER_XCODE_MAC_F6D2F4CF=1",
					"JUCE_APP_VERSION=1.0.0",
					"JUCE_APP_VERSION_HEX=0x10000",
					"JucePlugin_Build_VST=0",
					"JucePlugin_Build_VST3=0",
					"JucePlugin_Build_AU=0",
					"JucePlugin_Build_AUv3=0",
					"JucePlugin_Build_AAX=0",
					"JucePlugin_Build_Standalone=0",
					"JucePlugin_Build_Unity=0",
					"JucePlugin_Build_LV2=0",
				);
				GCC_VERSION = com.apple.compilers.llvm.clang.1_0;
				HEADER_SEARCH_PATHS = (
					"$(SRCROOT)/../../JuceLibraryCode",
					"$(HOME)/JUCE/modules",
					"$(inherited)",
				);
				INFOPLIST_FILE = Info-App.plist;
				INFOPLIST_PREPROCESS = NO;
				INSTALL_PATH = "$(HOME)/Applications";
				LLVM_LTO = YES;
				MACOSX_DEPLOYMENT_TARGET = 10.13;
				MTL_HEADER_SEARCH_PATHS = "$(SRCROOT)/../../JuceLibraryCode $(HOME)/JUCE/modules";
				PRODUCT_BUNDLE_IDENTIFIER = com.yourcompany.JUCESoundfonts;
				PRODUCT_NAME = "JUCE-Soundfonts";
				USE_HEADERMAP = NO;
				VALIDATE_WORKSPACE_SKIPPED_SDK_FRAMEWORKS = OpenGL;
				VALID_ARCHS = "i386 x86_64 arm64 arm64e";
			};
			name = Release;
		};
		9BDD2C0BFF4FDFB5E822AC9B /* Debug */ = {
			isa = XCBuildConfiguration;
			buildSettings = {
				ALWAYS_SEARCH_USER_PATHS = NO;
				CLANG_ENABLE_OBJC_WEAK = YES;
				CLANG_WARN_BLOCK_CAPTURE_AUTORELEASING = YES;
				CLANG_WARN_BOOL_CONVERSION = YES;
				CLANG_WARN_COMMA = YES;
				CLANG_WARN_CONSTANT_CONVERSION = YES;
				CLANG_WARN_DEPRECATED_OBJC_IMPLEMENTATIONS = YES;
				CLANG_WARN_EMPTY_BODY = YES;
				CLANG_WARN_ENUM_CONVERSION = YES;
				CLANG_WARN_INFINITE_RECURSION = YES;
				CLANG_WARN_INT_CONVERSION = YES;
				CLANG_WARN_NON_LITERAL_NULL_CONVERSION = YES;
				CLANG_WARN_OBJC_IMPLICIT_RETAIN_SELF = YES;
				CLANG_WARN_OBJC_LITERAL_CONVERSION = YES;
				CLANG_WARN_RANGE_LOOP_ANALYSIS = YES;
				CLANG_WARN_STRICT_PROTOTYPES = YES;
				CLANG_WARN_SUSPICIOUS_MOVE = YES;
				CLANG_WARN_UNREACHABLE_CODE = YES;
				CLANG_WARN__DUPLICATE_METHOD_MATCH = YES;
				DEBUG_INFORMATION_FORMAT = dwarf;
				ENABLE_STRICT_OBJC_MSGSEND = YES;
				ENABLE_TESTABILITY = NO;
				GCC_C_LANGUAGE_STANDARD = c11;
				GCC_INLINES_ARE_PRIVATE_EXTERN = YES;
				GCC_MODEL_TUNING = G5;
				GCC_NO_COMMON_BLOCKS = YES;
				GCC_SYMBOLS_PRIVATE_EXTERN = YES;
				GCC_WARN_64_TO_32_BIT_CONVERSION = YES;
				GCC_WARN_ABOUT_RETURN_TYPE = YES;
				GCC_WARN_CHECK_SWITCH_STATEMENTS = YES;
				GCC_WARN_MISSING_PARENTHESES = YES;
				GCC_WARN_NON_VIRTUAL_DESTRUCTOR = YES;
				GCC_WARN_TYPECHECK_CALLS_TO_PRINTF = YES;
				GCC_WARN_UNDECLARED_SELECTOR = YES;
				GCC_WARN_UNINITIALIZED_AUTOS = YES;
				GCC_WARN_UNUSED_FUNCTION = YES;
				GCC_WARN_UNUSED_VARIABLE = YES;
				ONLY_ACTIVE_ARCH = YES;
				OTHER_CODE_SIGN_FLAGS = --timestamp;
				PRODUCT_NAME = "JUCE-Soundfonts";
				SDKROOT = macosx;
				WARNING_CFLAGS = "-Wreorder";
				ZERO_LINK = NO;
			};
			name = Debug;
		};
/* End XCBuildConfiguration section */

/* Begin XCConfigurationList section */
		86B29E5C342DA7B8123E3E1B = {
			isa = XCConfigurationList;
			buildConfigurations = (
				4CE6D302648E790F71A8CCBF,
				9BDD2C0BFF4FDFB5E822AC9B,
			);
			defaultConfigurationIsVisible = 0;
			defaultConfigurationName = Debug;
		};
		BC82D69549362F069FD26986 = {
			isa = XCConfigurationList;
			buildConfigurations = (
				4CFAB333CD34F0FF710C6FDE,
				5E03F7A1A33C2426CBEB3347,
			);
			defaultConfigurationIsVisible = 0;
			defaultConfigurationName = Debug;
		};
/* End XCConfigurationList section */
	};
	rootObject = 5CB03924A50260ABBAEFB898 /* Project object */;
}
